
Microsoft Visual Studio Solution File, Format Version 12.00
# Visual Studio Version 16
VisualStudioVersion = 16.0.29613.14
MinimumVisualStudioVersion = 10.0.40219.1
Project("{FAE04EC0-301F-11D3-BF4B-00C04F79EFBC}") = "ExamDotNet", "ExamDotNet\ExamDotNet.csproj", "{59A843C2-6992-48C6-8A59-19F36EF7BA4D}"
EndProject
Global
	GlobalSection(SolutionConfigurationPlatforms) = preSolution
		Debug|Any CPU = Debug|Any CPU
		Release|Any CPU = Release|Any CPU
	EndGlobalSection
	GlobalSection(ProjectConfigurationPlatforms) = postSolution
		{59A843C2-6992-48C6-8A59-19F36EF7BA4D}.Debug|Any CPU.ActiveCfg = Debug|Any CPU
		{59A843C2-6992-48C6-8A59-19F36EF7BA4D}.Debug|Any CPU.Build.0 = Debug|Any CPU
		{59A843C2-6992-48C6-8A59-19F36EF7BA4D}.Release|Any CPU.ActiveCfg = Release|Any CPU
		{59A843C2-6992-48C6-8A59-19F36EF7BA4D}.Release|Any CPU.Build.0 = Release|Any CPU
	EndGlobalSection
	GlobalSection(SolutionProperties) = preSolution
		HideSolutionNode = FALSE
	EndGlobalSection
	GlobalSection(ExtensibilityGlobals) = postSolution
		SolutionGuid = {EDD70A4E-0CA1-4BE5-86B9-96D47B9F01CA}
	EndGlobalSection
EndGlobal
